<?xml version="1.0" encoding="utf-8"?>
<Project ToolsVersion="4.0" xmlns="http://schemas.microsoft.com/developer/msbuild/2003">
  <ItemGroup>
    <Filter Include="win32">
      <UniqueIdentifier>{84a8ebd7-7cf0-47f6-b75e-d441df67da40}</UniqueIdentifier>
    </Filter>
    <Filter Include="resource">
      <UniqueIdentifier>{715254bc-d70b-4ec5-bf29-467dd3ace079}</UniqueIdentifier>
    </Filter>
    <Filter Include="src">
      <UniqueIdentifier>{bb6c862e-70e9-49d9-81b7-3829a6f50471}</UniqueIdentifier>
    </Filter>
    <Filter Include="resource\scene101">
      <UniqueIdentifier>{6f4424ff-1205-4697-8320-cb019c4f9a44}</UniqueIdentifier>
    </Filter>
    <Filter Include="resource\Fonts">
      <UniqueIdentifier>{e02f576c-e891-4eb8-9e2a-2422fe0f5d51}</UniqueIdentifier>
    </Filter>
    <Filter Include="src\Scene101">
      <UniqueIdentifier>{7bd682e8-872c-4a26-8ee1-962310743706}</UniqueIdentifier>
    </Filter>
  </ItemGroup>
  <ItemGroup>
    <ClCompile Include="main.cpp">
      <Filter>win32</Filter>
    </ClCompile>
    <ClCompile Include="..\Classes\AppDelegate.cpp">
      <Filter>src</Filter>
    </ClCompile>
    <ClCompile Include="..\Classes\Scene101\Scene101.cpp">
      <Filter>src\Scene101</Filter>
    </ClCompile>
    <ClCompile Include="..\Classes\Scene101\Scene102.cpp">
      <Filter>src\Scene101</Filter>
    </ClCompile>
  </ItemGroup>
  <ItemGroup>
    <ClInclude Include="main.h">
      <Filter>win32</Filter>
    </ClInclude>
    <ClInclude Include="..\Classes\AppDelegate.h">
      <Filter>src</Filter>
    </ClInclude>
    <ClInclude Include="..\Classes\Scene101\Scene101.h">
      <Filter>src\Scene101</Filter>
    </ClInclude>
    <ClInclude Include="..\Classes\Scene101\Scene102.h">
      <Filter>src\Scene101</Filter>
    </ClInclude>
  </ItemGroup>
  <ItemGroup>
    <None Include="..\Resources\fonts\couriernew32.fnt">
      <Filter>resource\Fonts</Filter>
    </None>
    <None Include="..\Resources\fonts\hansans48.fnt">
      <Filter>resource\Fonts</Filter>
    </None>
    <None Include="..\Resources\scene101\scene101.plist">
      <Filter>resource\scene101</Filter>
    </None>
    <None Include="..\Resources\scene101\scene101.tps">
      <Filter>resource\scene101</Filter>
    </None>
    <None Include="..\Resources\scene101\scene101bg.plist">
      <Filter>resource\scene101</Filter>
    </None>
    <None Include="..\Resources\scene101\scene101bg.tps">
      <Filter>resource\scene101</Filter>
    </None>
  </ItemGroup>
  <ItemGroup>
    <Image Include="..\Resources\fonts\couriernew32_0.png">
      <Filter>resource\Fonts</Filter>
    </Image>
    <Image Include="..\Resources\fonts\hansans48_0.png">
      <Filter>resource\Fonts</Filter>
    </Image>
    <Image Include="..\Resources\scene101\bean01.png">
      <Filter>resource\scene101</Filter>
    </Image>
    <Image Include="..\Resources\scene101\bean1_01.png">
      <Filter>resource\scene101</Filter>
    </Image>
    <Image Include="..\Resources\scene101\bean1_02.png">
      <Filter>resource\scene101</Filter>
    </Image>
    <Image Include="..\Resources\scene101\bean1_03.png">
      <Filter>resource\scene101</Filter>
    </Image>
    <Image Include="..\Resources\scene101\bean1_04.png">
      <Filter>resource\scene101</Filter>
    </Image>
    <Image Include="..\Resources\scene101\bean1_05.png">
      <Filter>resource\scene101</Filter>
    </Image>
    <Image Include="..\Resources\scene101\bean1_jump01.png">
      <Filter>resource\scene101</Filter>
    </Image>
    <Image Include="..\Resources\scene101\bean1_jump02.png">
      <Filter>resource\scene101</Filter>
    </Image>
    <Image Include="..\Resources\scene101\bean1_jump03.png">
      <Filter>resource\scene101</Filter>
    </Image>
    <Image Include="..\Resources\scene101\bean1_jump04.png">
      <Filter>resource\scene101</Filter>
    </Image>
    <Image Include="..\Resources\scene101\bean1_wave01.png">
      <Filter>resource\scene101</Filter>
    </Image>
    <Image Include="..\Resources\scene101\bean1_wave02.png">
      <Filter>resource\scene101</Filter>
    </Image>
    <Image Include="..\Resources\scene101\bean1_wave03.png">
      <Filter>resource\scene101</Filter>
    </Image>
    <Image Include="..\Resources\scene101\bean02.png">
      <Filter>resource\scene101</Filter>
    </Image>
    <Image Include="..\Resources\scene101\bean2_01.png">
      <Filter>resource\scene101</Filter>
    </Image>
    <Image Include="..\Resources\scene101\bean2_02.png">
      <Filter>resource\scene101</Filter>
    </Image>
    <Image Include="..\Resources\scene101\bean2_03.png">
      <Filter>resource\scene101</Filter>
    </Image>
    <Image Include="..\Resources\scene101\bean2_04.png">
      <Filter>resource\scene101</Filter>
    </Image>
    <Image Include="..\Resources\scene101\bean2_05.png">
      <Filter>resource\scene101</Filter>
    </Image>
    <Image Include="..\Resources\scene101\bean03.png">
      <Filter>resource\scene101</Filter>
    </Image>
    <Image Include="..\Resources\scene101\bean04.png">
      <Filter>resource\scene101</Filter>
    </Image>
    <Image Include="..\Resources\scene101\bg.png">
      <Filter>resource\scene101</Filter>
    </Image>
    <Image Include="..\Resources\scene101\ceyes1.png">
      <Filter>resource\scene101</Filter>
    </Image>
    <Image Include="..\Resources\scene101\ceyes2.png">
      <Filter>resource\scene101</Filter>
    </Image>
    <Image Include="..\Resources\scene101\ceyes3.png">
      <Filter>resource\scene101</Filter>
    </Image>
    <Image Include="..\Resources\scene101\checkbox.png">
      <Filter>resource\scene101</Filter>
    </Image>
    <Image Include="..\Resources\scene101\checkboxon.png">
      <Filter>resource\scene101</Filter>
    </Image>
    <Image Include="..\Resources\scene101\checkoff.png">
      <Filter>resource\scene101</Filter>
    </Image>
    <Image Include="..\Resources\scene101\checkon.png">
      <Filter>resource\scene101</Filter>
    </Image>
    <Image Include="..\Resources\scene101\cmouth1.png">
      <Filter>resource\scene101</Filter>
    </Image>
    <Image Include="..\Resources\scene101\cmouth2.png">
      <Filter>resource\scene101</Filter>
    </Image>
    <Image Include="..\Resources\scene101\cuber01.png">
      <Filter>resource\scene101</Filter>
    </Image>
    <Image Include="..\Resources\scene101\cuber02.png">
      <Filter>resource\scene101</Filter>
    </Image>
    <Image Include="..\Resources\scene101\cuber03.png">
      <Filter>resource\scene101</Filter>
    </Image>
    <Image Include="..\Resources\scene101\cuber04.png">
      <Filter>resource\scene101</Filter>
    </Image>
    <Image Include="..\Resources\scene101\cuber05.png">
      <Filter>resource\scene101</Filter>
    </Image>
    <Image Include="..\Resources\scene101\cuber06.png">
      <Filter>resource\scene101</Filter>
    </Image>
    <Image Include="..\Resources\scene101\cuber07.png">
      <Filter>resource\scene101</Filter>
    </Image>
    <Image Include="..\Resources\scene101\cuber08.png">
      <Filter>resource\scene101</Filter>
    </Image>
    <Image Include="..\Resources\scene101\cuberbtn1.png">
      <Filter>resource\scene101</Filter>
    </Image>
    <Image Include="..\Resources\scene101\cuberbtn2.png">
      <Filter>resource\scene101</Filter>
    </Image>
    <Image Include="..\Resources\scene101\cuberbtn3.png">
      <Filter>resource\scene101</Filter>
    </Image>
    <Image Include="..\Resources\scene101\cubershadow.png">
      <Filter>resource\scene101</Filter>
    </Image>
    <Image Include="..\Resources\scene101\flame1_01.png">
      <Filter>resource\scene101</Filter>
    </Image>
    <Image Include="..\Resources\scene101\flame1_02.png">
      <Filter>resource\scene101</Filter>
    </Image>
    <Image Include="..\Resources\scene101\flame1_03.png">
      <Filter>resource\scene101</Filter>
    </Image>
    <Image Include="..\Resources\scene101\flame1_04.png">
      <Filter>resource\scene101</Filter>
    </Image>
    <Image Include="..\Resources\scene101\flame1_05.png">
      <Filter>resource\scene101</Filter>
    </Image>
    <Image Include="..\Resources\scene101\flame1_06.png">
      <Filter>resource\scene101</Filter>
    </Image>
    <Image Include="..\Resources\scene101\flame1_07.png">
      <Filter>resource\scene101</Filter>
    </Image>
    <Image Include="..\Resources\scene101\flame2_01.png">
      <Filter>resource\scene101</Filter>
    </Image>
    <Image Include="..\Resources\scene101\flame2_02.png">
      <Filter>resource\scene101</Filter>
    </Image>
    <Image Include="..\Resources\scene101\flame2_03.png">
      <Filter>resource\scene101</Filter>
    </Image>
    <Image Include="..\Resources\scene101\flame2_04.png">
      <Filter>resource\scene101</Filter>
    </Image>
    <Image Include="..\Resources\scene101\flame2_05.png">
      <Filter>resource\scene101</Filter>
    </Image>
    <Image Include="..\Resources\scene101\flame2_06.png">
      <Filter>resource\scene101</Filter>
    </Image>
    <Image Include="..\Resources\scene101\flame2_07.png">
      <Filter>resource\scene101</Filter>
    </Image>
    <Image Include="..\Resources\scene101\flame2_08.png">
      <Filter>resource\scene101</Filter>
    </Image>
    <Image Include="..\Resources\scene101\flame2_09.png">
      <Filter>resource\scene101</Filter>
    </Image>
    <Image Include="..\Resources\scene101\flame2_10.png">
      <Filter>resource\scene101</Filter>
    </Image>
    <Image Include="..\Resources\scene101\flame2_11.png">
      <Filter>resource\scene101</Filter>
    </Image>
    <Image Include="..\Resources\scene101\flame2_12.png">
      <Filter>resource\scene101</Filter>
    </Image>
    <Image Include="..\Resources\scene101\flame2_13.png">
      <Filter>resource\scene101</Filter>
    </Image>
    <Image Include="..\Resources\scene101\loadingbar.png">
      <Filter>resource\scene101</Filter>
    </Image>
    <Image Include="..\Resources\scene101\replaybtn.png">
      <Filter>resource\scene101</Filter>
    </Image>
    <Image Include="..\Resources\scene101\returnbtn.png">
      <Filter>resource\scene101</Filter>
    </Image>
    <Image Include="..\Resources\scene101\s101bgimg.png">
      <Filter>resource\scene101</Filter>
    </Image>
    <Image Include="..\Resources\scene101\s101line01.png">
      <Filter>resource\scene101</Filter>
    </Image>
    <Image Include="..\Resources\scene101\s101line02.png">
      <Filter>resource\scene101</Filter>
    </Image>
    <Image Include="..\Resources\scene101\scene101.png">
      <Filter>resource\scene101</Filter>
    </Image>
    <Image Include="..\Resources\scene101\scene101bg.png">
      <Filter>resource\scene101</Filter>
    </Image>
    <Image Include="..\Resources\scene101\sliderballnormal.png">
      <Filter>resource\scene101</Filter>
    </Image>
    <Image Include="..\Resources\scene101\sliderballpressed.png">
      <Filter>resource\scene101</Filter>
    </Image>
    <Image Include="..\Resources\scene101\sliderProgress.png">
      <Filter>resource\scene101</Filter>
    </Image>
    <Image Include="..\Resources\scene101\sliderTrack.png">
      <Filter>resource\scene101</Filter>
    </Image>
    <Image Include="..\Resources\scene101\sr_line1.png">
      <Filter>resource\scene101</Filter>
    </Image>
    <Image Include="..\Resources\scene101\sr_line2.png">
      <Filter>resource\scene101</Filter>
    </Image>
    <Image Include="..\Resources\scene101\triblock.png">
      <Filter>resource\scene101</Filter>
    </Image>
    <Image Include="..\Resources\scene101\triouter.png">
      <Filter>resource\scene101</Filter>
    </Image>
    <Image Include="..\Resources\scene101\trishadow.png">
      <Filter>resource\scene101</Filter>
    </Image>
  </ItemGroup>
  <ItemGroup>
    <Font Include="..\Resources\fonts\arial.ttf">
      <Filter>resource\Fonts</Filter>
    </Font>
    <Font Include="..\Resources\fonts\HKYuanMini.ttf">
      <Filter>resource\Fonts</Filter>
    </Font>
    <Font Include="..\Resources\fonts\Marker Felt.ttf">
      <Filter>resource\Fonts</Filter>
    </Font>
  </ItemGroup>
  <ItemGroup>
    <Media Include="..\Resources\scene101\arrivalsfinalsound.mp3">
      <Filter>resource\scene101</Filter>
    </Media>
    <Media Include="..\Resources\scene101\gain point.mp3">
      <Filter>resource\scene101</Filter>
    </Media>
    <Media Include="..\Resources\scene101\running.mp3">
      <Filter>resource\scene101</Filter>
    </Media>
    <Media Include="..\Resources\scene101\SR_bg.mp3">
      <Filter>resource\scene101</Filter>
    </Media>
    <Media Include="..\Resources\scene101\thinking cloud.mp3">
      <Filter>resource\scene101</Filter>
    </Media>
  </ItemGroup>
  <ItemGroup>
    <Text Include="..\Resources\scene101\bmfontexample.txt">
      <Filter>resource\scene101</Filter>
    </Text>
  </ItemGroup>
  <ItemGroup>
    <Xml Include="..\Resources\scene101\strings.xml">
      <Filter>resource\scene101</Filter>
    </Xml>
  </ItemGroup>
</Project>